// !$*UTF8*$!
{
	archiveVersion = 1;
	classes = {
	};
	objectVersion = 46;
	objects = {

/* Begin PBXBuildFile section */
		7DBF3F501A05E38B00002E98 /* basedata.cpp in Sources */ = {isa = PBXBuildFile; fileRef = 7DBF3F4F1A05E38B00002E98 /* basedata.cpp */; };
		7DF18BC319F52AE500B266DD /* main.cpp in Sources */ = {isa = PBXBuildFile; fileRef = 7DF18BC219F52AE500B266DD /* main.cpp */; };
		7DF18BE119F52BC700B266DD /* codeFile.cpp in Sources */ = {isa = PBXBuildFile; fileRef = 7DF18BCA19F52BC700B266DD /* codeFile.cpp */; };
		7DF18BE219F52BC700B266DD /* docFile.cpp in Sources */ = {isa = PBXBuildFile; fileRef = 7DF18BCC19F52BC700B266DD /* docFile.cpp */; };
		7DF18BE319F52BC700B266DD /* FuncRef.cpp in Sources */ = {isa = PBXBuildFile; fileRef = 7DF18BCE19F52BC700B266DD /* FuncRef.cpp */; };
		7DF18BE419F52BC700B266DD /* funcrefs.cpp in Sources */ = {isa = PBXBuildFile; fileRef = 7DF18BD019F52BC700B266DD /* funcrefs.cpp */; };
		7DF18BE519F52BC700B266DD /* htmlfile.cpp in Sources */ = {isa = PBXBuildFile; fileRef = 7DF18BD319F52BC700B266DD /* htmlfile.cpp */; };
		7DF18BE619F52BC700B266DD /* Keyword.cpp in Sources */ = {isa = PBXBuildFile; fileRef = 7DF18BD519F52BC700B266DD /* Keyword.cpp */; };
		7DF18BE719F52BC700B266DD /* Line.cpp in Sources */ = {isa = PBXBuildFile; fileRef = 7DF18BD719F52BC700B266DD /* Line.cpp */; };
		7DF18BE819F52BC700B266DD /* nodeManage.cpp in Sources */ = {isa = PBXBuildFile; fileRef = 7DF18BD919F52BC700B266DD /* nodeManage.cpp */; };
		7DF18BE919F52BC700B266DD /* nodeManageDir.cpp in Sources */ = {isa = PBXBuildFile; fileRef = 7DF18BDB19F52BC700B266DD /* nodeManageDir.cpp */; };
		7DF18BEA19F52BC700B266DD /* nodeManageFile.cpp in Sources */ = {isa = PBXBuildFile; fileRef = 7DF18BDD19F52BC700B266DD /* nodeManageFile.cpp */; };
		7DF18BEB19F52BC700B266DD /* word.cpp in Sources */ = {isa = PBXBuildFile; fileRef = 7DF18BDF19F52BC700B266DD /* word.cpp */; };
		7DF18BF019F60A0300B266DD /* MenuOutputFile.cpp in Sources */ = {isa = PBXBuildFile; fileRef = 7DF18BEF19F60A0300B266DD /* MenuOutputFile.cpp */; };
		7DF18BF319F74F2000B266DD /* DocLine.cpp in Sources */ = {isa = PBXBuildFile; fileRef = 7DF18BF119F74F2000B266DD /* DocLine.cpp */; };
		7DF18BF819F904DE00B266DD /* asmFile.cpp in Sources */ = {isa = PBXBuildFile; fileRef = 7DF18BF419F904DE00B266DD /* asmFile.cpp */; };
		7DF18BFC19F905BA00B266DD /* AsmLine.cpp in Sources */ = {isa = PBXBuildFile; fileRef = 7DF18BFA19F905BA00B266DD /* AsmLine.cpp */; };
		7DF18C0119F9188B00B266DD /* scriptFile.cpp in Sources */ = {isa = PBXBuildFile; fileRef = 7DF18BFD19F9188B00B266DD /* scriptFile.cpp */; };
		7DF18C0219F9188B00B266DD /* ScriptLine.cpp in Sources */ = {isa = PBXBuildFile; fileRef = 7DF18BFF19F9188B00B266DD /* ScriptLine.cpp */; };
/* End PBXBuildFile section */

/* Begin PBXCopyFilesBuildPhase section */
		7DF18BBD19F52AE500B266DD /* CopyFiles */ = {
			isa = PBXCopyFilesBuildPhase;
			buildActionMask = 2147483647;
			dstPath = /usr/share/man/man1/;
			dstSubfolderSpec = 0;
			files = (
			);
			runOnlyForDeploymentPostprocessing = 1;
		};
/* End PBXCopyFilesBuildPhase section */

/* Begin PBXFileReference section */
		7DBF3F4F1A05E38B00002E98 /* basedata.cpp */ = {isa = PBXFileReference; fileEncoding = 4; lastKnownFileType = sourcecode.cpp.cpp; path = basedata.cpp; sourceTree = "<group>"; };
		7DF18BBF19F52AE500B266DD /* c2html_mac */ = {isa = PBXFileReference; explicitFileType = "compiled.mach-o.executable"; includeInIndex = 0; path = c2html_mac; sourceTree = BUILT_PRODUCTS_DIR; };
		7DF18BC219F52AE500B266DD /* main.cpp */ = {isa = PBXFileReference; lastKnownFileType = sourcecode.cpp.cpp; path = main.cpp; sourceTree = "<group>"; };
		7DF18BC919F52BC700B266DD /* basedata.h */ = {isa = PBXFileReference; fileEncoding = 4; lastKnownFileType = sourcecode.c.h; path = basedata.h; sourceTree = "<group>"; };
		7DF18BCA19F52BC700B266DD /* codeFile.cpp */ = {isa = PBXFileReference; fileEncoding = 4; lastKnownFileType = sourcecode.cpp.cpp; path = codeFile.cpp; sourceTree = "<group>"; };
		7DF18BCB19F52BC700B266DD /* codeFile.h */ = {isa = PBXFileReference; fileEncoding = 4; lastKnownFileType = sourcecode.c.h; path = codeFile.h; sourceTree = "<group>"; };
		7DF18BCC19F52BC700B266DD /* docFile.cpp */ = {isa = PBXFileReference; fileEncoding = 4; lastKnownFileType = sourcecode.cpp.cpp; path = docFile.cpp; sourceTree = "<group>"; };
		7DF18BCD19F52BC700B266DD /* docFile.h */ = {isa = PBXFileReference; fileEncoding = 4; lastKnownFileType = sourcecode.c.h; path = docFile.h; sourceTree = "<group>"; };
		7DF18BCE19F52BC700B266DD /* FuncRef.cpp */ = {isa = PBXFileReference; fileEncoding = 4; lastKnownFileType = sourcecode.cpp.cpp; path = FuncRef.cpp; sourceTree = "<group>"; };
		7DF18BCF19F52BC700B266DD /* FuncRef.h */ = {isa = PBXFileReference; fileEncoding = 4; lastKnownFileType = sourcecode.c.h; path = FuncRef.h; sourceTree = "<group>"; };
		7DF18BD019F52BC700B266DD /* funcrefs.cpp */ = {isa = PBXFileReference; fileEncoding = 4; lastKnownFileType = sourcecode.cpp.cpp; path = funcrefs.cpp; sourceTree = "<group>"; };
		7DF18BD119F52BC700B266DD /* FuncRefs.h */ = {isa = PBXFileReference; fileEncoding = 4; lastKnownFileType = sourcecode.c.h; path = FuncRefs.h; sourceTree = "<group>"; };
		7DF18BD319F52BC700B266DD /* htmlfile.cpp */ = {isa = PBXFileReference; fileEncoding = 4; lastKnownFileType = sourcecode.cpp.cpp; path = htmlfile.cpp; sourceTree = "<group>"; };
		7DF18BD419F52BC700B266DD /* htmlfile.h */ = {isa = PBXFileReference; fileEncoding = 4; lastKnownFileType = sourcecode.c.h; path = htmlfile.h; sourceTree = "<group>"; };
		7DF18BD519F52BC700B266DD /* Keyword.cpp */ = {isa = PBXFileReference; fileEncoding = 4; lastKnownFileType = sourcecode.cpp.cpp; path = Keyword.cpp; sourceTree = "<group>"; };
		7DF18BD619F52BC700B266DD /* Keyword.h */ = {isa = PBXFileReference; fileEncoding = 4; lastKnownFileType = sourcecode.c.h; path = Keyword.h; sourceTree = "<group>"; };
		7DF18BD719F52BC700B266DD /* Line.cpp */ = {isa = PBXFileReference; fileEncoding = 4; lastKnownFileType = sourcecode.cpp.cpp; path = Line.cpp; sourceTree = "<group>"; };
		7DF18BD819F52BC700B266DD /* Line.h */ = {isa = PBXFileReference; fileEncoding = 4; lastKnownFileType = sourcecode.c.h; path = Line.h; sourceTree = "<group>"; };
		7DF18BD919F52BC700B266DD /* nodeManage.cpp */ = {isa = PBXFileReference; fileEncoding = 4; lastKnownFileType = sourcecode.cpp.cpp; path = nodeManage.cpp; sourceTree = "<group>"; };
		7DF18BDA19F52BC700B266DD /* nodeManage.h */ = {isa = PBXFileReference; fileEncoding = 4; lastKnownFileType = sourcecode.c.h; path = nodeManage.h; sourceTree = "<group>"; };
		7DF18BDB19F52BC700B266DD /* nodeManageDir.cpp */ = {isa = PBXFileReference; fileEncoding = 4; lastKnownFileType = sourcecode.cpp.cpp; path = nodeManageDir.cpp; sourceTree = "<group>"; };
		7DF18BDC19F52BC700B266DD /* nodeManageDir.h */ = {isa = PBXFileReference; fileEncoding = 4; lastKnownFileType = sourcecode.c.h; path = nodeManageDir.h; sourceTree = "<group>"; };
		7DF18BDD19F52BC700B266DD /* nodeManageFile.cpp */ = {isa = PBXFileReference; fileEncoding = 4; lastKnownFileType = sourcecode.cpp.cpp; path = nodeManageFile.cpp; sourceTree = "<group>"; };
		7DF18BDE19F52BC700B266DD /* nodeManageFile.h */ = {isa = PBXFileReference; fileEncoding = 4; lastKnownFileType = sourcecode.c.h; path = nodeManageFile.h; sourceTree = "<group>"; };
		7DF18BDF19F52BC700B266DD /* word.cpp */ = {isa = PBXFileReference; fileEncoding = 4; lastKnownFileType = sourcecode.cpp.cpp; path = word.cpp; sourceTree = "<group>"; };
		7DF18BE019F52BC700B266DD /* Word.h */ = {isa = PBXFileReference; fileEncoding = 4; lastKnownFileType = sourcecode.c.h; path = Word.h; sourceTree = "<group>"; };
		7DF18BED19F6065E00B266DD /* MenuOutputFile.h */ = {isa = PBXFileReference; fileEncoding = 4; lastKnownFileType = sourcecode.c.h; path = MenuOutputFile.h; sourceTree = "<group>"; };
		7DF18BEF19F60A0300B266DD /* MenuOutputFile.cpp */ = {isa = PBXFileReference; fileEncoding = 4; lastKnownFileType = sourcecode.cpp.cpp; path = MenuOutputFile.cpp; sourceTree = "<group>"; };
		7DF18BF119F74F2000B266DD /* DocLine.cpp */ = {isa = PBXFileReference; fileEncoding = 4; lastKnownFileType = sourcecode.cpp.cpp; path = DocLine.cpp; sourceTree = "<group>"; };
		7DF18BF219F74F2000B266DD /* DocLine.h */ = {isa = PBXFileReference; fileEncoding = 4; lastKnownFileType = sourcecode.c.h; path = DocLine.h; sourceTree = "<group>"; };
		7DF18BF419F904DE00B266DD /* asmFile.cpp */ = {isa = PBXFileReference; fileEncoding = 4; lastKnownFileType = sourcecode.cpp.cpp; path = asmFile.cpp; sourceTree = "<group>"; };
		7DF18BF519F904DE00B266DD /* asmFile.h */ = {isa = PBXFileReference; fileEncoding = 4; lastKnownFileType = sourcecode.c.h; path = asmFile.h; sourceTree = "<group>"; };
		7DF18BFA19F905BA00B266DD /* AsmLine.cpp */ = {isa = PBXFileReference; fileEncoding = 4; lastKnownFileType = sourcecode.cpp.cpp; path = AsmLine.cpp; sourceTree = "<group>"; };
		7DF18BFB19F905BA00B266DD /* AsmLine.h */ = {isa = PBXFileReference; fileEncoding = 4; lastKnownFileType = sourcecode.c.h; path = AsmLine.h; sourceTree = "<group>"; };
		7DF18BFD19F9188B00B266DD /* scriptFile.cpp */ = {isa = PBXFileReference; fileEncoding = 4; lastKnownFileType = sourcecode.cpp.cpp; path = scriptFile.cpp; sourceTree = "<group>"; };
		7DF18BFE19F9188B00B266DD /* scriptFile.h */ = {isa = PBXFileReference; fileEncoding = 4; lastKnownFileType = sourcecode.c.h; path = scriptFile.h; sourceTree = "<group>"; };
		7DF18BFF19F9188B00B266DD /* ScriptLine.cpp */ = {isa = PBXFileReference; fileEncoding = 4; lastKnownFileType = sourcecode.cpp.cpp; path = ScriptLine.cpp; sourceTree = "<group>"; };
		7DF18C0019F9188B00B266DD /* ScriptLine.h */ = {isa = PBXFileReference; fileEncoding = 4; lastKnownFileType = sourcecode.c.h; path = ScriptLine.h; sourceTree = "<group>"; };
/* End PBXFileReference section */

/* Begin PBXFrameworksBuildPhase section */
		7DF18BBC19F52AE500B266DD /* Frameworks */ = {
			isa = PBXFrameworksBuildPhase;
			buildActionMask = 2147483647;
			files = (
			);
			runOnlyForDeploymentPostprocessing = 0;
		};
/* End PBXFrameworksBuildPhase section */

/* Begin PBXGroup section */
		7DF18BB619F52AE500B266DD = {
			isa = PBXGroup;
			children = (
				7DF18BC119F52AE500B266DD /* c2html_mac */,
				7DF18BC019F52AE500B266DD /* Products */,
			);
			sourceTree = "<group>";
		};
		7DF18BC019F52AE500B266DD /* Products */ = {
			isa = PBXGroup;
			children = (
				7DF18BBF19F52AE500B266DD /* c2html_mac */,
			);
			name = Products;
			sourceTree = "<group>";
		};
		7DF18BC119F52AE500B266DD /* c2html_mac */ = {
			isa = PBXGroup;
			children = (
				7DBF3F4F1A05E38B00002E98 /* basedata.cpp */,
				7DF18BFD19F9188B00B266DD /* scriptFile.cpp */,
				7DF18BFE19F9188B00B266DD /* scriptFile.h */,
				7DF18BFF19F9188B00B266DD /* ScriptLine.cpp */,
				7DF18C0019F9188B00B266DD /* ScriptLine.h */,
				7DF18BFA19F905BA00B266DD /* AsmLine.cpp */,
				7DF18BFB19F905BA00B266DD /* AsmLine.h */,
				7DF18BF419F904DE00B266DD /* asmFile.cpp */,
				7DF18BF519F904DE00B266DD /* asmFile.h */,
				7DF18BF119F74F2000B266DD /* DocLine.cpp */,
				7DF18BF219F74F2000B266DD /* DocLine.h */,
				7DF18BEF19F60A0300B266DD /* MenuOutputFile.cpp */,
				7DF18BED19F6065E00B266DD /* MenuOutputFile.h */,
				7DF18BC919F52BC700B266DD /* basedata.h */,
				7DF18BCA19F52BC700B266DD /* codeFile.cpp */,
				7DF18BCB19F52BC700B266DD /* codeFile.h */,
				7DF18BCC19F52BC700B266DD /* docFile.cpp */,
				7DF18BCD19F52BC700B266DD /* docFile.h */,
				7DF18BCE19F52BC700B266DD /* FuncRef.cpp */,
				7DF18BCF19F52BC700B266DD /* FuncRef.h */,
				7DF18BD019F52BC700B266DD /* funcrefs.cpp */,
				7DF18BD119F52BC700B266DD /* FuncRefs.h */,
				7DF18BD319F52BC700B266DD /* htmlfile.cpp */,
				7DF18BD419F52BC700B266DD /* htmlfile.h */,
				7DF18BD519F52BC700B266DD /* Keyword.cpp */,
				7DF18BD619F52BC700B266DD /* Keyword.h */,
				7DF18BD719F52BC700B266DD /* Line.cpp */,
				7DF18BD819F52BC700B266DD /* Line.h */,
				7DF18BD919F52BC700B266DD /* nodeManage.cpp */,
				7DF18BDA19F52BC700B266DD /* nodeManage.h */,
				7DF18BDB19F52BC700B266DD /* nodeManageDir.cpp */,
				7DF18BDC19F52BC700B266DD /* nodeManageDir.h */,
				7DF18BDD19F52BC700B266DD /* nodeManageFile.cpp */,
				7DF18BDE19F52BC700B266DD /* nodeManageFile.h */,
				7DF18BDF19F52BC700B266DD /* word.cpp */,
				7DF18BE019F52BC700B266DD /* Word.h */,
				7DF18BC219F52AE500B266DD /* main.cpp */,
			);
			path = c2html_mac;
			sourceTree = "<group>";
		};
/* End PBXGroup section */

/* Begin PBXNativeTarget section */
		7DF18BBE19F52AE500B266DD /* c2html_mac */ = {
			isa = PBXNativeTarget;
			buildConfigurationList = 7DF18BC619F52AE500B266DD /* Build configuration list for PBXNativeTarget "c2html_mac" */;
			buildPhases = (
				7DF18BBB19F52AE500B266DD /* Sources */,
				7DF18BBC19F52AE500B266DD /* Frameworks */,
				7DF18BBD19F52AE500B266DD /* CopyFiles */,
			);
			buildRules = (
			);
			dependencies = (
			);
			name = c2html_mac;
			productName = c2html_mac;
			productReference = 7DF18BBF19F52AE500B266DD /* c2html_mac */;
			productType = "com.apple.product-type.tool";
		};
/* End PBXNativeTarget section */

/* Begin PBXProject section */
		7DF18BB719F52AE500B266DD /* Project object */ = {
			isa = PBXProject;
			attributes = {
				LastUpgradeCheck = 0610;
				ORGANIZATIONNAME = antboard;
				TargetAttributes = {
					7DF18BBE19F52AE500B266DD = {
						CreatedOnToolsVersion = 6.0.1;
					};
				};
			};
			buildConfigurationList = 7DF18BBA19F52AE500B266DD /* Build configuration list for PBXProject "c2html_mac" */;
			compatibilityVersion = "Xcode 3.2";
			developmentRegion = English;
			hasScannedForEncodings = 0;
			knownRegions = (
				en,
			);
			mainGroup = 7DF18BB619F52AE500B266DD;
			productRefGroup = 7DF18BC019F52AE500B266DD /* Products */;
			projectDirPath = "";
			projectRoot = "";
			targets = (
				7DF18BBE19F52AE500B266DD /* c2html_mac */,
			);
		};
/* End PBXProject section */

/* Begin PBXSourcesBuildPhase section */
		7DF18BBB19F52AE500B266DD /* Sources */ = {
			isa = PBXSourcesBuildPhase;
			buildActionMask = 2147483647;
			files = (
				7DF18BE819F52BC700B266DD /* nodeManage.cpp in Sources */,
				7DF18BE219F52BC700B266DD /* docFile.cpp in Sources */,
				7DF18C0119F9188B00B266DD /* scriptFile.cpp in Sources */,
				7DF18BEA19F52BC700B266DD /* nodeManageFile.cpp in Sources */,
				7DF18BF819F904DE00B266DD /* asmFile.cpp in Sources */,
				7DF18BE919F52BC700B266DD /* nodeManageDir.cpp in Sources */,
				7DF18BFC19F905BA00B266DD /* AsmLine.cpp in Sources */,
				7DF18BF319F74F2000B266DD /* DocLine.cpp in Sources */,
				7DF18BE719F52BC700B266DD /* Line.cpp in Sources */,
				7DF18BEB19F52BC700B266DD /* word.cpp in Sources */,
				7DF18C0219F9188B00B266DD /* ScriptLine.cpp in Sources */,
				7DF18BF019F60A0300B266DD /* MenuOutputFile.cpp in Sources */,
				7DF18BE319F52BC700B266DD /* FuncRef.cpp in Sources */,
				7DF18BE519F52BC700B266DD /* htmlfile.cpp in Sources */,
				7DF18BE619F52BC700B266DD /* Keyword.cpp in Sources */,
				7DF18BE119F52BC700B266DD /* codeFile.cpp in Sources */,
				7DBF3F501A05E38B00002E98 /* basedata.cpp in Sources */,
				7DF18BE419F52BC700B266DD /* funcrefs.cpp in Sources */,
				7DF18BC319F52AE500B266DD /* main.cpp in Sources */,
			);
			runOnlyForDeploymentPostprocessing = 0;
		};
/* End PBXSourcesBuildPhase section */

/* Begin XCBuildConfiguration section */
		7DF18BC419F52AE500B266DD /* Debug */ = {
			isa = XCBuildConfiguration;
			buildSettings = {
				ALWAYS_SEARCH_USER_PATHS = NO;
				CLANG_CXX_LANGUAGE_STANDARD = "gnu++0x";
				CLANG_CXX_LIBRARY = "libc++";
				CLANG_ENABLE_MODULES = YES;
				CLANG_ENABLE_OBJC_ARC = YES;
				CLANG_WARN_BOOL_CONVERSION = YES;
				CLANG_WARN_CONSTANT_CONVERSION = YES;
				CLANG_WARN_DIRECT_OBJC_ISA_USAGE = YES_ERROR;
				CLANG_WARN_EMPTY_BODY = YES;
				CLANG_WARN_ENUM_CONVERSION = YES;
				CLANG_WARN_INT_CONVERSION = YES;
				CLANG_WARN_OBJC_ROOT_CLASS = YES_ERROR;
				CLANG_WARN_UNREACHABLE_CODE = YES;
				CLANG_WARN__DUPLICATE_METHOD_MATCH = YES;
				COPY_PHASE_STRIP = NO;
				ENABLE_STRICT_OBJC_MSGSEND = YES;
				GCC_C_LANGUAGE_STANDARD = gnu99;
				GCC_DYNAMIC_NO_PIC = NO;
				GCC_OPTIMIZATION_LEVEL = 0;
				GCC_PREPROCESSOR_DEFINITIONS = (
					"DEBUG=1",
					"$(inherited)",
				);
				GCC_SYMBOLS_PRIVATE_EXTERN = NO;
				GCC_WARN_64_TO_32_BIT_CONVERSION = YES;
				GCC_WARN_ABOUT_RETURN_TYPE = YES_ERROR;
				GCC_WARN_UNDECLARED_SELECTOR = YES;
				GCC_WARN_UNINITIALIZED_AUTOS = YES_AGGRESSIVE;
				GCC_WARN_UNUSED_FUNCTION = YES;
				GCC_WARN_UNUSED_VARIABLE = YES;
				MACOSX_DEPLOYMENT_TARGET = 10.10;
				MTL_ENABLE_DEBUG_INFO = YES;
				ONLY_ACTIVE_ARCH = YES;
				SDKROOT = macosx;
			};
			name = Debug;
		};
		7DF18BC519F52AE500B266DD /* Release */ = {
			isa = XCBuildConfiguration;
			buildSettings = {
				ALWAYS_SEARCH_USER_PATHS = NO;
				CLANG_CXX_LANGUAGE_STANDARD = "gnu++0x";
				CLANG_CXX_LIBRARY = "libc++";
				CLANG_ENABLE_MODULES = YES;
				CLANG_ENABLE_OBJC_ARC = YES;
				CLANG_WARN_BOOL_CONVERSION = YES;
				CLANG_WARN_CONSTANT_CONVERSION = YES;
				CLANG_WARN_DIRECT_OBJC_ISA_USAGE = YES_ERROR;
				CLANG_WARN_EMPTY_BODY = YES;
				CLANG_WARN_ENUM_CONVERSION = YES;
				CLANG_WARN_INT_CONVERSION = YES;
				CLANG_WARN_OBJC_ROOT_CLASS = YES_ERROR;
				CLANG_WARN_UNREACHABLE_CODE = YES;
				CLANG_WARN__DUPLICATE_METHOD_MATCH = YES;
				COPY_PHASE_STRIP = YES;
				DEBUG_INFORMATION_FORMAT = "dwarf-with-dsym";
				ENABLE_NS_ASSERTIONS = NO;
				ENABLE_STRICT_OBJC_MSGSEND = YES;
				GCC_C_LANGUAGE_STANDARD = gnu99;
				GCC_WARN_64_TO_32_BIT_CONVERSION = YES;
				GCC_WARN_ABOUT_RETURN_TYPE = YES_ERROR;
				GCC_WARN_UNDECLARED_SELECTOR = YES;
				GCC_WARN_UNINITIALIZED_AUTOS = YES_AGGRESSIVE;
				GCC_WARN_UNUSED_FUNCTION = YES;
				GCC_WARN_UNUSED_VARIABLE = YES;
				MACOSX_DEPLOYMENT_TARGET = 10.10;
				MTL_ENABLE_DEBUG_INFO = NO;
				SDKROOT = macosx;
			};
			name = Release;
		};
		7DF18BC719F52AE500B266DD /* Debug */ = {
			isa = XCBuildConfiguration;
			buildSettings = {
				GCC_SYMBOLS_PRIVATE_EXTERN = NO;
				MACOSX_DEPLOYMENT_TARGET = 10.9;
				PRODUCT_NAME = "$(TARGET_NAME)";
			};
			name = Debug;
		};
		7DF18BC819F52AE500B266DD /* Release */ = {
			isa = XCBuildConfiguration;
			buildSettings = {
				MACOSX_DEPLOYMENT_TARGET = 10.9;
				PRODUCT_NAME = "$(TARGET_NAME)";
			};
			name = Release;
		};
/* End XCBuildConfiguration section */

/* Begin XCConfigurationList section */
		7DF18BBA19F52AE500B266DD /* Build configuration list for PBXProject "c2html_mac" */ = {
			isa = XCConfigurationList;
			buildConfigurations = (
				7DF18BC419F52AE500B266DD /* Debug */,
				7DF18BC519F52AE500B266DD /* Release */,
			);
			defaultConfigurationIsVisible = 0;
			defaultConfigurationName = Debug;
		};
		7DF18BC619F52AE500B266DD /* Build configuration list for PBXNativeTarget "c2html_mac" */ = {
			isa = XCConfigurationList;
			buildConfigurations = (
				7DF18BC719F52AE500B266DD /* Debug */,
				7DF18BC819F52AE500B266DD /* Release */,
			);
			defaultConfigurationIsVisible = 0;
			defaultConfigurationName = Debug;
		};
/* End XCConfigurationList section */
	};
	rootObject = 7DF18BB719F52AE500B266DD /* Project object */;
}
